
Microsoft Visual Studio Solution File, Format Version 12.00
# Visual Studio Version 16
VisualStudioVersion = 16.0.33214.272
MinimumVisualStudioVersion = 10.0.40219.1
Project("{FAE04EC0-301F-11D3-BF4B-00C04F79EFBC}") = "farm2", "farm2\farm2.csproj", "{FA145009-2726-4EF3-B19F-178337767BBB}"
EndProject
Global
	GlobalSection(SolutionConfigurationPlatforms) = preSolution
		Debug|Any CPU = Debug|Any CPU
		Release|Any CPU = Release|Any CPU
	EndGlobalSection
	GlobalSection(ProjectConfigurationPlatforms) = postSolution
		{FA145009-2726-4EF3-B19F-178337767BBB}.Debug|Any CPU.ActiveCfg = Debug|Any CPU
		{FA145009-2726-4EF3-B19F-178337767BBB}.Debug|Any CPU.Build.0 = Debug|Any CPU
		{FA145009-2726-4EF3-B19F-178337767BBB}.Release|Any CPU.ActiveCfg = Release|Any CPU
		{FA145009-2726-4EF3-B19F-178337767BBB}.Release|Any CPU.Build.0 = Release|Any CPU
	EndGlobalSection
	GlobalSection(SolutionProperties) = preSolution
		HideSolutionNode = FALSE
	EndGlobalSection
	GlobalSection(ExtensibilityGlobals) = postSolution
		SolutionGuid = {E363D922-8809-44AE-A623-694E566500BA}
	EndGlobalSection
EndGlobal
